{
  "name": "andrewcamenga.com",
  "lockfileVersion": 3,
  "requires": true,
  "packages": {
    "": {
      "devDependencies": {
        "@gethinode/netlify-plugin-dartsass": "^0.3.0"
      }
    },
    "node_modules/@gethinode/netlify-plugin-dartsass": {
      "version": "0.3.0",
      "resolved": "https://registry.npmjs.org/@gethinode/netlify-plugin-dartsass/-/netlify-plugin-dartsass-0.3.0.tgz",
      "integrity": "sha512-EWBWLW1jwZzbP6U7+bD50Y1yqlvfVcENNy9qAU/uW14zf325TbnD8qLrJE/+Y2rzZj1yFv+9FZcVuRmzlCEVbw==",
      "dev": true,
      "license": "MIT"
    }
  }
}
